{
  "name": "src",
  "version": "1.0.0",
  "lockfileVersion": 1,
  "requires": true,
  "dependencies": {
    "jquery-lite": {
      "version": "2.2.3",
      "resolved": "https://registry.npmjs.org/jquery-lite/-/jquery-lite-2.2.3.tgz",
      "integrity": "sha1-r3qKKjV/4FfC3n8e33Q+DoV6GS4="
    }
  }
}
